
Microsoft Visual Studio Solution File, Format Version 12.00
# Visual Studio Version 17
VisualStudioVersion = 17.5.33502.453
MinimumVisualStudioVersion = 10.0.40219.1
Project("{FAE04EC0-301F-11D3-BF4B-00C04F79EFBC}") = "Notes.API", "Notes.API\Notes.API.csproj", "{D26FFBAD-CEB3-4DB9-AA5B-A9AE887F1962}"
EndProject
Global
	GlobalSection(SolutionConfigurationPlatforms) = preSolution
		Debug|Any CPU = Debug|Any CPU
		Release|Any CPU = Release|Any CPU
	EndGlobalSection
	GlobalSection(ProjectConfigurationPlatforms) = postSolution
		{D26FFBAD-CEB3-4DB9-AA5B-A9AE887F1962}.Debug|Any CPU.ActiveCfg = Debug|Any CPU
		{D26FFBAD-CEB3-4DB9-AA5B-A9AE887F1962}.Debug|Any CPU.Build.0 = Debug|Any CPU
		{D26FFBAD-CEB3-4DB9-AA5B-A9AE887F1962}.Release|Any CPU.ActiveCfg = Release|Any CPU
		{D26FFBAD-CEB3-4DB9-AA5B-A9AE887F1962}.Release|Any CPU.Build.0 = Release|Any CPU
	EndGlobalSection
	GlobalSection(SolutionProperties) = preSolution
		HideSolutionNode = FALSE
	EndGlobalSection
	GlobalSection(ExtensibilityGlobals) = postSolution
		SolutionGuid = {25ED426C-05A7-4386-ABF1-0BF8AAE66032}
	EndGlobalSection
EndGlobal
